
Microsoft Visual Studio Solution File, Format Version 12.00
# Visual Studio 15
VisualStudioVersion = 15.0.27004.2006
MinimumVisualStudioVersion = 10.0.40219.1
Project("{FAE04EC0-301F-11D3-BF4B-00C04F79EFBC}") = "LetsEncryptForIIS", "LetsEncryptForIIS.csproj", "{3251C20C-FD3A-49D4-8016-2E4EDF4F51E7}"
EndProject
Project("{FAE04EC0-301F-11D3-BF4B-00C04F79EFBC}") = "LetsEncryptForIISClient", "..\LetsEncryptForIISClient\LetsEncryptForIISClient.csproj", "{12845DDC-52D1-40C2-92E0-914FB4D159B8}"
EndProject
Global
	GlobalSection(SolutionConfigurationPlatforms) = preSolution
		Debug|Any CPU = Debug|Any CPU
		Release|Any CPU = Release|Any CPU
	EndGlobalSection
	GlobalSection(ProjectConfigurationPlatforms) = postSolution
		{3251C20C-FD3A-49D4-8016-2E4EDF4F51E7}.Debug|Any CPU.ActiveCfg = Debug|Any CPU
		{3251C20C-FD3A-49D4-8016-2E4EDF4F51E7}.Debug|Any CPU.Build.0 = Debug|Any CPU
		{3251C20C-FD3A-49D4-8016-2E4EDF4F51E7}.Release|Any CPU.ActiveCfg = Release|Any CPU
		{3251C20C-FD3A-49D4-8016-2E4EDF4F51E7}.Release|Any CPU.Build.0 = Release|Any CPU
		{12845DDC-52D1-40C2-92E0-914FB4D159B8}.Debug|Any CPU.ActiveCfg = Debug|Any CPU
		{12845DDC-52D1-40C2-92E0-914FB4D159B8}.Debug|Any CPU.Build.0 = Debug|Any CPU
		{12845DDC-52D1-40C2-92E0-914FB4D159B8}.Release|Any CPU.ActiveCfg = Release|Any CPU
		{12845DDC-52D1-40C2-92E0-914FB4D159B8}.Release|Any CPU.Build.0 = Release|Any CPU
	EndGlobalSection
	GlobalSection(SolutionProperties) = preSolution
		HideSolutionNode = FALSE
	EndGlobalSection
	GlobalSection(ExtensibilityGlobals) = postSolution
		SolutionGuid = {10E3A919-981C-44B1-B6BC-85314CF97C29}
	EndGlobalSection
EndGlobal
